<?xml version="1.0" encoding="UTF-8" standalone="yes" ?>
<CodeBlocks_project_file>
	<FileVersion major="1" minor="6" />
	<Project>
		<Option title="Drivers" />
		<Option makefile="makefile" />
		<Option execution_dir="C:/newdrp/newcur/" />
		<Option pch_mode="2" />
		<Option compiler="gcc" />
		<Build>
			<Target title="Win32 ReleaseU">
				<Option output="../drv" prefix_auto="1" extension_auto="1" />
				<Option working_dir=".." />
				<Option object_output="../obj/ReleaseU" />
				<Option type="1" />
				<Option compiler="gcc" />
				<Option use_console_runner="0" />
				<Option parameters="-disableinstall -extractdir:temp1 -showconsole" />
				<Compiler>
					<Add option="-fomit-frame-pointer" />
					<Add option="-fexpensive-optimizations" />
					<Add option="-O3" />
					<Add option="-g" />
					<Add option="-DNDEBUG" />
				</Compiler>
				<Linker>
					<Add option="-m32" />
					<Add library="webp" />
					<Add library="torrent" />
					<Add library="wsock32" />
					<Add library="ws2_32" />
					<Add library="boost_system" />
					<Add directory="../lib/ReleaseU" />
				</Linker>
			</Target>
			<Target title="Win32 DebugU">
				<Option output="../drv_d" prefix_auto="1" extension_auto="1" />
				<Option working_dir=".." />
				<Option object_output="../obj/DebugU" />
				<Option type="1" />
				<Option compiler="gcc" />
				<Option use_console_runner="0" />
				<Option parameters="-disableinstall -extractdir:temp1 -showconsole" />
				<Compiler>
					<Add option="-pg" />
					<Add option="-g" />
					<Add option="-D_DEBUG" />
				</Compiler>
				<Linker>
					<Add option="-pg -lgmon" />
					<Add option="-m32" />
					<Add library="webp" />
					<Add library="torrent" />
					<Add library="wsock32" />
					<Add library="ws2_32" />
					<Add library="boost_system" />
					<Add directory="../lib/DebugU" />
				</Linker>
			</Target>
			<Target title="Win64 DebugU">
				<Option output="../drv64_d" prefix_auto="1" extension_auto="1" />
				<Option working_dir=".." />
				<Option object_output="../obj/Debug64U" />
				<Option type="1" />
				<Option compiler="gcc_64" />
				<Option use_console_runner="0" />
				<Option parameters="-disableinstall -extractdir:temp1 -showconsole" />
				<Compiler>
					<Add option="-pg" />
					<Add option="-g" />
					<Add option="-m64" />
					<Add option="-D_DEBUG" />
				</Compiler>
				<Linker>
					<Add option="-pg -lgmon" />
					<Add option="-m64" />
					<Add directory="../lib/Debug64U" />
				</Linker>
			</Target>
		</Build>
		<Compiler>
			<Add option="-Wnon-virtual-dtor" />
			<Add option="-Wshadow" />
			<Add option="-Winit-self" />
			<Add option="-Wredundant-decls" />
			<Add option="-Wcast-align" />
			<Add option="-Wundef" />
			<Add option="-Wfloat-equal" />
			<Add option="-Winline" />
			<Add option="-Wunreachable-code" />
			<Add option="-Wmissing-declarations" />
			<Add option="-Wmissing-include-dirs" />
			<Add option="-Wswitch-enum" />
			<Add option="-Wswitch-default" />
			<Add option="-Wmain" />
			<Add option="-Wextra" />
			<Add option="-Wall" />
			<Add option="-fexceptions" />
			<Add option="-Wno-format" />
			<Add option="-fno-builtin-log" />
			<Add option="-I..\source\lzma" />
			<Add option="-m32" />
			<Add option="-finput-charset=CP1251" />
			<Add option="-DWIN32" />
			<Add option="-D_CONSOLE" />
			<Add option="-DEXCLUDE_COM" />
			<Add option="-DNO_REGISTRY" />
			<Add option="-D_MBCS" />
			<Add option="-DUNICODE" />
			<Add option="-D_UNICODE" />
			<Add option="-D_NO_CRYPTO" />
			<Add option="-DEXTRACT_ONLY" />
			<Add directory="../resources" />
			<Add directory="../external/SevenZ/build/C" />
		</Compiler>
		<Linker>
			<Add option="-static-libstdc++" />
			<Add option="-static" />
			<Add library="baseboard" />
			<Add library="7z" />
			<Add library="kernel32" />
			<Add library="user32" />
			<Add library="gdi32" />
			<Add library="winspool" />
			<Add library="comdlg32" />
			<Add library="advapi32" />
			<Add library="shell32" />
			<Add library="ole32" />
			<Add library="oleaut32" />
			<Add library="uuid" />
			<Add library="odbc32" />
			<Add library="odbccp32" />
			<Add library="setupapi" />
			<Add library="msimg32" />
			<Add library="shlwapi" />
			<Add library="newdev" />
			<Add library="comctl32" />
			<Add library="wbemuuid" />
			<Add directory="../external" />
		</Linker>
		<ExtraCommands>
			<Add before="..\resources\delres.bat" />
			<Add before="..\SubWCRev32.exe .. ..\source\svnrev_template.h ..\source\svnrev.h" />
		</ExtraCommands>
		<Unit filename="../langs/english.txt" />
		<Unit filename="../resources/resources.h" />
		<Unit filename="../resources/resources.rc">
			<Option compilerVar="WINDRES" />
		</Unit>
		<Unit filename="../source/cli.c">
			<Option compilerVar="CC" />
		</Unit>
		<Unit filename="../source/cli.h" />
		<Unit filename="../source/client_test.cpp">
			<Option compiler="gcc" use="1" buildCommand="$compiler $options $includes -c $file -o $object -DBOOST_ALL_NO_LIB -DBOOST_ASIO_ENABLE_CANCELIO -DBOOST_ASIO_HASH_MAP_BUCKETS=1021 -DBOOST_ASIO_SEPARATE_COMPILATION -DBOOST_EXCEPTION_DISABLE -DBOOST_MULTI_INDEX_DISABLE_SERIALIZATION -DBOOST_SYSTEM_STATIC_LINK=1 -DTORRENT_DISABLE_GEO_IP -DTORRENT_NO_DEPRECATE -DTORRENT_PRODUCTION_ASSERTS=1 -DTORRENT_RELEASE_ASSERTS=1 -DTORRENT_USE_I2P=0 -DTORRENT_USE_ICONV=0 -DTORRENT_USE_IPV6=0 -DTORRENT_USE_TOMMATH" />
		</Unit>
		<Unit filename="../source/common.c">
			<Option compilerVar="CC" />
		</Unit>
		<Unit filename="../source/common.h" />
		<Unit filename="../source/draw.c">
			<Option compilerVar="CC" />
		</Unit>
		<Unit filename="../source/draw.h" />
		<Unit filename="../source/enum.c">
			<Option compilerVar="CC" />
		</Unit>
		<Unit filename="../source/enum.h" />
		<Unit filename="../source/guicon.c">
			<Option compilerVar="CC" />
		</Unit>
		<Unit filename="../source/guicon.h" />
		<Unit filename="../source/indexing.c">
			<Option compilerVar="CC" />
		</Unit>
		<Unit filename="../source/indexing.h" />
		<Unit filename="../source/install.c">
			<Option compilerVar="CC" />
		</Unit>
		<Unit filename="../source/install.h" />
		<Unit filename="../source/langlist.c">
			<Option compilerVar="CC" />
		</Unit>
		<Unit filename="../source/langlist.h" />
		<Unit filename="../source/lzma/Alloc.c">
			<Option compilerVar="CC" />
		</Unit>
		<Unit filename="../source/lzma/Alloc.h" />
		<Unit filename="../source/lzma/Bra.c">
			<Option compilerVar="CC" />
		</Unit>
		<Unit filename="../source/lzma/Bra.h" />
		<Unit filename="../source/lzma/LzFind.c">
			<Option compilerVar="CC" />
		</Unit>
		<Unit filename="../source/lzma/LzFind.h" />
		<Unit filename="../source/lzma/LzFindMt.c">
			<Option compilerVar="CC" />
		</Unit>
		<Unit filename="../source/lzma/LzFindMt.h" />
		<Unit filename="../source/lzma/LzHash.h" />
		<Unit filename="../source/lzma/Lzma2Enc.h" />
		<Unit filename="../source/lzma/Lzma86.h" />
		<Unit filename="../source/lzma/Lzma86Dec.c">
			<Option compilerVar="CC" />
		</Unit>
		<Unit filename="../source/lzma/Lzma86Enc.c">
			<Option compilerVar="CC" />
		</Unit>
		<Unit filename="../source/lzma/LzmaDec.c">
			<Option compilerVar="CC" />
		</Unit>
		<Unit filename="../source/lzma/LzmaDec.h" />
		<Unit filename="../source/lzma/LzmaEnc.c">
			<Option compilerVar="CC" />
		</Unit>
		<Unit filename="../source/lzma/LzmaEnc.h" />
		<Unit filename="../source/lzma/Types.h" />
		<Unit filename="../source/main.c">
			<Option compilerVar="CC" />
		</Unit>
		<Unit filename="../source/main.h" />
		<Unit filename="../source/manager.c">
			<Option compilerVar="CC" />
		</Unit>
		<Unit filename="../source/manager.h" />
		<Unit filename="../source/matcher.c">
			<Option compilerVar="CC" />
		</Unit>
		<Unit filename="../source/matcher.h" />
		<Unit filename="../source/svnrev.h" />
		<Unit filename="../source/theme.c">
			<Option compilerVar="CC" />
		</Unit>
		<Unit filename="../source/theme.h" />
		<Unit filename="../source/themelist.c">
			<Option compilerVar="CC" />
		</Unit>
		<Unit filename="../source/themelist.h" />
		<Extensions>
			<code_completion />
			<envvars />
			<debugger />
			<lib_finder disable_auto="1" />
			<DoxyBlocks>
				<comment_style block="0" line="0" />
				<doxyfile_project />
				<doxyfile_build />
				<doxyfile_warnings />
				<doxyfile_output />
				<doxyfile_dot />
				<general />
			</DoxyBlocks>
		</Extensions>
	</Project>
</CodeBlocks_project_file>
