<?xml version="1.0" encoding="UTF-8" standalone="yes" ?>
<CodeBlocks_project_file>
	<FileVersion major="1" minor="6" />
	<Project>
		<Option title="install64" />
		<Option pch_mode="2" />
		<Option compiler="gcc" />
		<Build>
			<Target title="Debug">
				<Option output="../../resources/install64" prefix_auto="1" extension_auto="1" />
				<Option object_output="../../obj/DebugU" />
				<Option type="1" />
				<Option compiler="gcc" />
				<Option use_console_runner="0" />
				<Option parameters="asd qwe" />
				<Compiler>
					<Add option="-g" />
				</Compiler>
			</Target>
			<Target title="Release">
				<Option output="../../resources/install64" prefix_auto="1" extension_auto="1" />
				<Option object_output="../../obj/ReleaseU" />
				<Option type="1" />
				<Option compiler="gcc" />
				<Option use_console_runner="0" />
				<Option parameters="asd qwe" />
				<Compiler>
					<Add option="-O2" />
				</Compiler>
				<Linker>
					<Add option="-s" />
				</Linker>
			</Target>
		</Build>
		<Compiler>
			<Add option="-fomit-frame-pointer" />
			<Add option="-fexpensive-optimizations" />
			<Add option="-Os" />
			<Add option="-Wall" />
			<Add option="-m64" />
			<Add option="-DUNICODE" />
		</Compiler>
		<Linker>
			<Add option="-s" />
			<Add library="user32" />
			<Add library="kernel32" />
			<Add library="newdev" />
		</Linker>
		<Unit filename="../../source/install64.c">
			<Option compilerVar="CC" />
		</Unit>
		<Extensions>
			<code_completion />
			<envvars />
			<debugger />
			<lib_finder disable_auto="1" />
		</Extensions>
	</Project>
</CodeBlocks_project_file>
